// !$*UTF8*$!
{
	archiveVersion = 1;
	classes = {
	};
	objectVersion = 48;
	objects = {

/* Begin PBXBuildFile section */
		19506D1F2020711B009A43AB /* AppDelegate.swift in Sources */ = {isa = PBXBuildFile; fileRef = 19506D1E2020711B009A43AB /* AppDelegate.swift */; };
		19506D242020711B009A43AB /* Main.storyboard in Resources */ = {isa = PBXBuildFile; fileRef = 19506D222020711B009A43AB /* Main.storyboard */; };
		19506D262020711B009A43AB /* Assets.xcassets in Resources */ = {isa = PBXBuildFile; fileRef = 19506D252020711B009A43AB /* Assets.xcassets */; };
		19506D292020711B009A43AB /* LaunchScreen.storyboard in Resources */ = {isa = PBXBuildFile; fileRef = 19506D272020711B009A43AB /* LaunchScreen.storyboard */; };
		19506D4D2020B3C9009A43AB /* ItemCell.swift in Sources */ = {isa = PBXBuildFile; fileRef = 19506D4C2020B3C9009A43AB /* ItemCell.swift */; };
		19506D4F202100F5009A43AB /* ItemCellTests.swift in Sources */ = {isa = PBXBuildFile; fileRef = 19506D4E202100F5009A43AB /* ItemCellTests.swift */; };
		19506D51202114AA009A43AB /* DetailViewControllerTests.swift in Sources */ = {isa = PBXBuildFile; fileRef = 19506D50202114AA009A43AB /* DetailViewControllerTests.swift */; };
		19506D532021152A009A43AB /* DetailViewController.swift in Sources */ = {isa = PBXBuildFile; fileRef = 19506D522021152A009A43AB /* DetailViewController.swift */; };
		19506D562021DC83009A43AB /* MapKit.framework in Frameworks */ = {isa = PBXBuildFile; fileRef = 19506D552021DC83009A43AB /* MapKit.framework */; };
		3C9DE0B5FAA8CFE6D2A703E4 /* ItemListDataProviderTests.swift in Sources */ = {isa = PBXBuildFile; fileRef = 3C9DECCA237A9E0D25513530 /* ItemListDataProviderTests.swift */; };
		3C9DE0BEC01C7638F0FD5860 /* LocationTests.swift in Sources */ = {isa = PBXBuildFile; fileRef = 3C9DE343875DFE8DA2384E3B /* LocationTests.swift */; };
		3C9DE200C7583EFD546316CE /* ItemManagerTests.swift in Sources */ = {isa = PBXBuildFile; fileRef = 3C9DEFBD5FDC4FDF3B48FAA3 /* ItemManagerTests.swift */; };
		3C9DE3D99843AC2FA820C3E9 /* ItemListViewController.swift in Sources */ = {isa = PBXBuildFile; fileRef = 3C9DEB7E74E61B769CB7CEA4 /* ItemListViewController.swift */; };
		3C9DE46A45F2987155FF68C9 /* ItemListDataProvider.swift in Sources */ = {isa = PBXBuildFile; fileRef = 3C9DE1F28478BB21C1CFE5F8 /* ItemListDataProvider.swift */; };
		3C9DE7B3E82D6FD93DF32055 /* ToDoItemTests.swift in Sources */ = {isa = PBXBuildFile; fileRef = 3C9DE47BF399E545423B54E5 /* ToDoItemTests.swift */; };
		3C9DE8EB07823C071E3AEF73 /* Location.swift in Sources */ = {isa = PBXBuildFile; fileRef = 3C9DE46B3FB206574263E48E /* Location.swift */; };
		3C9DECE81B65777B8F0F95E1 /* ItemListViewControllerTests.swift in Sources */ = {isa = PBXBuildFile; fileRef = 3C9DEF9AE6BE873FEC69512D /* ItemListViewControllerTests.swift */; };
		3C9DEDE3D14FAE90087E4C7A /* ToDoItem.swift in Sources */ = {isa = PBXBuildFile; fileRef = 3C9DE8C2FB11C0B5FD95F509 /* ToDoItem.swift */; };
		3C9DEECE6EA87E69E1140B93 /* ItemManager.swift in Sources */ = {isa = PBXBuildFile; fileRef = 3C9DE3537889D0D722D6FFA4 /* ItemManager.swift */; };
/* End PBXBuildFile section */

/* Begin PBXContainerItemProxy section */
		19506D302020711B009A43AB /* PBXContainerItemProxy */ = {
			isa = PBXContainerItemProxy;
			containerPortal = 19506D132020711B009A43AB /* Project object */;
			proxyType = 1;
			remoteGlobalIDString = 19506D1A2020711B009A43AB;
			remoteInfo = ToDo;
		};
/* End PBXContainerItemProxy section */

/* Begin PBXFileReference section */
		19506D1B2020711B009A43AB /* ToDo.app */ = {isa = PBXFileReference; explicitFileType = wrapper.application; includeInIndex = 0; path = ToDo.app; sourceTree = BUILT_PRODUCTS_DIR; };
		19506D1E2020711B009A43AB /* AppDelegate.swift */ = {isa = PBXFileReference; lastKnownFileType = sourcecode.swift; path = AppDelegate.swift; sourceTree = "<group>"; };
		19506D232020711B009A43AB /* Base */ = {isa = PBXFileReference; lastKnownFileType = file.storyboard; name = Base; path = Base.lproj/Main.storyboard; sourceTree = "<group>"; };
		19506D252020711B009A43AB /* Assets.xcassets */ = {isa = PBXFileReference; lastKnownFileType = folder.assetcatalog; path = Assets.xcassets; sourceTree = "<group>"; };
		19506D282020711B009A43AB /* Base */ = {isa = PBXFileReference; lastKnownFileType = file.storyboard; name = Base; path = Base.lproj/LaunchScreen.storyboard; sourceTree = "<group>"; };
		19506D2A2020711B009A43AB /* Info.plist */ = {isa = PBXFileReference; lastKnownFileType = text.plist.xml; path = Info.plist; sourceTree = "<group>"; };
		19506D2F2020711B009A43AB /* ToDoTests.xctest */ = {isa = PBXFileReference; explicitFileType = wrapper.cfbundle; includeInIndex = 0; path = ToDoTests.xctest; sourceTree = BUILT_PRODUCTS_DIR; };
		19506D352020711C009A43AB /* Info.plist */ = {isa = PBXFileReference; lastKnownFileType = text.plist.xml; path = Info.plist; sourceTree = "<group>"; };
		19506D4C2020B3C9009A43AB /* ItemCell.swift */ = {isa = PBXFileReference; lastKnownFileType = sourcecode.swift; path = ItemCell.swift; sourceTree = "<group>"; };
		19506D4E202100F5009A43AB /* ItemCellTests.swift */ = {isa = PBXFileReference; lastKnownFileType = sourcecode.swift; path = ItemCellTests.swift; sourceTree = "<group>"; };
		19506D50202114AA009A43AB /* DetailViewControllerTests.swift */ = {isa = PBXFileReference; lastKnownFileType = sourcecode.swift; path = DetailViewControllerTests.swift; sourceTree = "<group>"; };
		19506D522021152A009A43AB /* DetailViewController.swift */ = {isa = PBXFileReference; lastKnownFileType = sourcecode.swift; path = DetailViewController.swift; sourceTree = "<group>"; };
		19506D552021DC83009A43AB /* MapKit.framework */ = {isa = PBXFileReference; lastKnownFileType = wrapper.framework; name = MapKit.framework; path = System/Library/Frameworks/MapKit.framework; sourceTree = SDKROOT; };
		3C9DE1F28478BB21C1CFE5F8 /* ItemListDataProvider.swift */ = {isa = PBXFileReference; fileEncoding = 4; lastKnownFileType = sourcecode.swift; path = ItemListDataProvider.swift; sourceTree = "<group>"; };
		3C9DE343875DFE8DA2384E3B /* LocationTests.swift */ = {isa = PBXFileReference; fileEncoding = 4; lastKnownFileType = sourcecode.swift; path = LocationTests.swift; sourceTree = "<group>"; };
		3C9DE3537889D0D722D6FFA4 /* ItemManager.swift */ = {isa = PBXFileReference; fileEncoding = 4; lastKnownFileType = sourcecode.swift; path = ItemManager.swift; sourceTree = "<group>"; };
		3C9DE46B3FB206574263E48E /* Location.swift */ = {isa = PBXFileReference; fileEncoding = 4; lastKnownFileType = sourcecode.swift; path = Location.swift; sourceTree = "<group>"; };
		3C9DE47BF399E545423B54E5 /* ToDoItemTests.swift */ = {isa = PBXFileReference; fileEncoding = 4; lastKnownFileType = sourcecode.swift; path = ToDoItemTests.swift; sourceTree = "<group>"; };
		3C9DE8C2FB11C0B5FD95F509 /* ToDoItem.swift */ = {isa = PBXFileReference; fileEncoding = 4; lastKnownFileType = sourcecode.swift; path = ToDoItem.swift; sourceTree = "<group>"; };
		3C9DEB7E74E61B769CB7CEA4 /* ItemListViewController.swift */ = {isa = PBXFileReference; fileEncoding = 4; lastKnownFileType = sourcecode.swift; path = ItemListViewController.swift; sourceTree = "<group>"; };
		3C9DECCA237A9E0D25513530 /* ItemListDataProviderTests.swift */ = {isa = PBXFileReference; fileEncoding = 4; lastKnownFileType = sourcecode.swift; path = ItemListDataProviderTests.swift; sourceTree = "<group>"; };
		3C9DEF9AE6BE873FEC69512D /* ItemListViewControllerTests.swift */ = {isa = PBXFileReference; fileEncoding = 4; lastKnownFileType = sourcecode.swift; path = ItemListViewControllerTests.swift; sourceTree = "<group>"; };
		3C9DEFBD5FDC4FDF3B48FAA3 /* ItemManagerTests.swift */ = {isa = PBXFileReference; fileEncoding = 4; lastKnownFileType = sourcecode.swift; path = ItemManagerTests.swift; sourceTree = "<group>"; };
/* End PBXFileReference section */

/* Begin PBXFrameworksBuildPhase section */
		19506D182020711B009A43AB /* Frameworks */ = {
			isa = PBXFrameworksBuildPhase;
			buildActionMask = 2147483647;
			files = (
				19506D562021DC83009A43AB /* MapKit.framework in Frameworks */,
			);
			runOnlyForDeploymentPostprocessing = 0;
		};
		19506D2C2020711B009A43AB /* Frameworks */ = {
			isa = PBXFrameworksBuildPhase;
			buildActionMask = 2147483647;
			files = (
			);
			runOnlyForDeploymentPostprocessing = 0;
		};
/* End PBXFrameworksBuildPhase section */

/* Begin PBXGroup section */
		19506D122020711B009A43AB = {
			isa = PBXGroup;
			children = (
				19506D1D2020711B009A43AB /* ToDo */,
				19506D322020711B009A43AB /* ToDoTests */,
				19506D1C2020711B009A43AB /* Products */,
				19506D542021DC83009A43AB /* Frameworks */,
			);
			sourceTree = "<group>";
		};
		19506D1C2020711B009A43AB /* Products */ = {
			isa = PBXGroup;
			children = (
				19506D1B2020711B009A43AB /* ToDo.app */,
				19506D2F2020711B009A43AB /* ToDoTests.xctest */,
			);
			name = Products;
			sourceTree = "<group>";
		};
		19506D1D2020711B009A43AB /* ToDo */ = {
			isa = PBXGroup;
			children = (
				19506D1E2020711B009A43AB /* AppDelegate.swift */,
				19506D222020711B009A43AB /* Main.storyboard */,
				19506D252020711B009A43AB /* Assets.xcassets */,
				19506D272020711B009A43AB /* LaunchScreen.storyboard */,
				19506D2A2020711B009A43AB /* Info.plist */,
				3C9DE8EB516F188167408B65 /* Model */,
				19506D4C2020B3C9009A43AB /* ItemCell.swift */,
				3C9DEF292D09288092C9BCE0 /* Controller */,
			);
			path = ToDo;
			sourceTree = "<group>";
		};
		19506D322020711B009A43AB /* ToDoTests */ = {
			isa = PBXGroup;
			children = (
				19506D352020711C009A43AB /* Info.plist */,
				3C9DE6E7F98E3E9602E74A67 /* Model */,
				3C9DE511A686C5080335C35F /* Controller */,
				19506D4E202100F5009A43AB /* ItemCellTests.swift */,
			);
			path = ToDoTests;
			sourceTree = "<group>";
		};
		19506D542021DC83009A43AB /* Frameworks */ = {
			isa = PBXGroup;
			children = (
				19506D552021DC83009A43AB /* MapKit.framework */,
			);
			name = Frameworks;
			sourceTree = "<group>";
		};
		3C9DE511A686C5080335C35F /* Controller */ = {
			isa = PBXGroup;
			children = (
				3C9DEF9AE6BE873FEC69512D /* ItemListViewControllerTests.swift */,
				3C9DECCA237A9E0D25513530 /* ItemListDataProviderTests.swift */,
				19506D50202114AA009A43AB /* DetailViewControllerTests.swift */,
			);
			path = Controller;
			sourceTree = "<group>";
		};
		3C9DE6E7F98E3E9602E74A67 /* Model */ = {
			isa = PBXGroup;
			children = (
				3C9DEFBD5FDC4FDF3B48FAA3 /* ItemManagerTests.swift */,
				3C9DE343875DFE8DA2384E3B /* LocationTests.swift */,
				3C9DE47BF399E545423B54E5 /* ToDoItemTests.swift */,
			);
			path = Model;
			sourceTree = "<group>";
		};
		3C9DE8EB516F188167408B65 /* Model */ = {
			isa = PBXGroup;
			children = (
				3C9DE8C2FB11C0B5FD95F509 /* ToDoItem.swift */,
				3C9DE46B3FB206574263E48E /* Location.swift */,
				3C9DE3537889D0D722D6FFA4 /* ItemManager.swift */,
			);
			path = Model;
			sourceTree = "<group>";
		};
		3C9DEF292D09288092C9BCE0 /* Controller */ = {
			isa = PBXGroup;
			children = (
				3C9DE1F28478BB21C1CFE5F8 /* ItemListDataProvider.swift */,
				3C9DEB7E74E61B769CB7CEA4 /* ItemListViewController.swift */,
				19506D522021152A009A43AB /* DetailViewController.swift */,
			);
			path = Controller;
			sourceTree = "<group>";
		};
/* End PBXGroup section */

/* Begin PBXNativeTarget section */
		19506D1A2020711B009A43AB /* ToDo */ = {
			isa = PBXNativeTarget;
			buildConfigurationList = 19506D382020711C009A43AB /* Build configuration list for PBXNativeTarget "ToDo" */;
			buildPhases = (
				19506D172020711B009A43AB /* Sources */,
				19506D182020711B009A43AB /* Frameworks */,
				19506D192020711B009A43AB /* Resources */,
			);
			buildRules = (
			);
			dependencies = (
			);
			name = ToDo;
			productName = ToDo;
			productReference = 19506D1B2020711B009A43AB /* ToDo.app */;
			productType = "com.apple.product-type.application";
		};
		19506D2E2020711B009A43AB /* ToDoTests */ = {
			isa = PBXNativeTarget;
			buildConfigurationList = 19506D3B2020711C009A43AB /* Build configuration list for PBXNativeTarget "ToDoTests" */;
			buildPhases = (
				19506D2B2020711B009A43AB /* Sources */,
				19506D2C2020711B009A43AB /* Frameworks */,
				19506D2D2020711B009A43AB /* Resources */,
			);
			buildRules = (
			);
			dependencies = (
				19506D312020711B009A43AB /* PBXTargetDependency */,
			);
			name = ToDoTests;
			productName = ToDoTests;
			productReference = 19506D2F2020711B009A43AB /* ToDoTests.xctest */;
			productType = "com.apple.product-type.bundle.unit-test";
		};
/* End PBXNativeTarget section */

/* Begin PBXProject section */
		19506D132020711B009A43AB /* Project object */ = {
			isa = PBXProject;
			attributes = {
				LastSwiftUpdateCheck = 0920;
				LastUpgradeCheck = 0920;
				ORGANIZATIONNAME = "Niklas Rammerstorfer";
				TargetAttributes = {
					19506D1A2020711B009A43AB = {
						CreatedOnToolsVersion = 9.2;
						ProvisioningStyle = Automatic;
						SystemCapabilities = {
							com.apple.Maps.iOS = {
								enabled = 1;
							};
						};
					};
					19506D2E2020711B009A43AB = {
						CreatedOnToolsVersion = 9.2;
						LastSwiftMigration = 0920;
						ProvisioningStyle = Automatic;
						TestTargetID = 19506D1A2020711B009A43AB;
					};
				};
			};
			buildConfigurationList = 19506D162020711B009A43AB /* Build configuration list for PBXProject "ToDo" */;
			compatibilityVersion = "Xcode 8.0";
			developmentRegion = en;
			hasScannedForEncodings = 0;
			knownRegions = (
				en,
				Base,
			);
			mainGroup = 19506D122020711B009A43AB;
			productRefGroup = 19506D1C2020711B009A43AB /* Products */;
			projectDirPath = "";
			projectRoot = "";
			targets = (
				19506D1A2020711B009A43AB /* ToDo */,
				19506D2E2020711B009A43AB /* ToDoTests */,
			);
		};
/* End PBXProject section */

/* Begin PBXResourcesBuildPhase section */
		19506D192020711B009A43AB /* Resources */ = {
			isa = PBXResourcesBuildPhase;
			buildActionMask = 2147483647;
			files = (
				19506D292020711B009A43AB /* LaunchScreen.storyboard in Resources */,
				19506D262020711B009A43AB /* Assets.xcassets in Resources */,
				19506D242020711B009A43AB /* Main.storyboard in Resources */,
			);
			runOnlyForDeploymentPostprocessing = 0;
		};
		19506D2D2020711B009A43AB /* Resources */ = {
			isa = PBXResourcesBuildPhase;
			buildActionMask = 2147483647;
			files = (
			);
			runOnlyForDeploymentPostprocessing = 0;
		};
/* End PBXResourcesBuildPhase section */

/* Begin PBXSourcesBuildPhase section */
		19506D172020711B009A43AB /* Sources */ = {
			isa = PBXSourcesBuildPhase;
			buildActionMask = 2147483647;
			files = (
				19506D1F2020711B009A43AB /* AppDelegate.swift in Sources */,
				3C9DEDE3D14FAE90087E4C7A /* ToDoItem.swift in Sources */,
				19506D4D2020B3C9009A43AB /* ItemCell.swift in Sources */,
				3C9DE8EB07823C071E3AEF73 /* Location.swift in Sources */,
				3C9DEECE6EA87E69E1140B93 /* ItemManager.swift in Sources */,
				3C9DE46A45F2987155FF68C9 /* ItemListDataProvider.swift in Sources */,
				3C9DE3D99843AC2FA820C3E9 /* ItemListViewController.swift in Sources */,
				19506D532021152A009A43AB /* DetailViewController.swift in Sources */,
			);
			runOnlyForDeploymentPostprocessing = 0;
		};
		19506D2B2020711B009A43AB /* Sources */ = {
			isa = PBXSourcesBuildPhase;
			buildActionMask = 2147483647;
			files = (
				19506D4F202100F5009A43AB /* ItemCellTests.swift in Sources */,
				3C9DE200C7583EFD546316CE /* ItemManagerTests.swift in Sources */,
				3C9DE0BEC01C7638F0FD5860 /* LocationTests.swift in Sources */,
				3C9DE7B3E82D6FD93DF32055 /* ToDoItemTests.swift in Sources */,
				19506D51202114AA009A43AB /* DetailViewControllerTests.swift in Sources */,
				3C9DECE81B65777B8F0F95E1 /* ItemListViewControllerTests.swift in Sources */,
				3C9DE0B5FAA8CFE6D2A703E4 /* ItemListDataProviderTests.swift in Sources */,
			);
			runOnlyForDeploymentPostprocessing = 0;
		};
/* End PBXSourcesBuildPhase section */

/* Begin PBXTargetDependency section */
		19506D312020711B009A43AB /* PBXTargetDependency */ = {
			isa = PBXTargetDependency;
			target = 19506D1A2020711B009A43AB /* ToDo */;
			targetProxy = 19506D302020711B009A43AB /* PBXContainerItemProxy */;
		};
/* End PBXTargetDependency section */

/* Begin PBXVariantGroup section */
		19506D222020711B009A43AB /* Main.storyboard */ = {
			isa = PBXVariantGroup;
			children = (
				19506D232020711B009A43AB /* Base */,
			);
			name = Main.storyboard;
			sourceTree = "<group>";
		};
		19506D272020711B009A43AB /* LaunchScreen.storyboard */ = {
			isa = PBXVariantGroup;
			children = (
				19506D282020711B009A43AB /* Base */,
			);
			name = LaunchScreen.storyboard;
			sourceTree = "<group>";
		};
/* End PBXVariantGroup section */

/* Begin XCBuildConfiguration section */
		19506D362020711C009A43AB /* Debug */ = {
			isa = XCBuildConfiguration;
			buildSettings = {
				ALWAYS_SEARCH_USER_PATHS = NO;
				CLANG_ANALYZER_NONNULL = YES;
				CLANG_ANALYZER_NUMBER_OBJECT_CONVERSION = YES_AGGRESSIVE;
				CLANG_CXX_LANGUAGE_STANDARD = "gnu++14";
				CLANG_CXX_LIBRARY = "libc++";
				CLANG_ENABLE_MODULES = YES;
				CLANG_ENABLE_OBJC_ARC = YES;
				CLANG_WARN_BLOCK_CAPTURE_AUTORELEASING = YES;
				CLANG_WARN_BOOL_CONVERSION = YES;
				CLANG_WARN_COMMA = YES;
				CLANG_WARN_CONSTANT_CONVERSION = YES;
				CLANG_WARN_DIRECT_OBJC_ISA_USAGE = YES_ERROR;
				CLANG_WARN_DOCUMENTATION_COMMENTS = YES;
				CLANG_WARN_EMPTY_BODY = YES;
				CLANG_WARN_ENUM_CONVERSION = YES;
				CLANG_WARN_INFINITE_RECURSION = YES;
				CLANG_WARN_INT_CONVERSION = YES;
				CLANG_WARN_NON_LITERAL_NULL_CONVERSION = YES;
				CLANG_WARN_OBJC_LITERAL_CONVERSION = YES;
				CLANG_WARN_OBJC_ROOT_CLASS = YES_ERROR;
				CLANG_WARN_RANGE_LOOP_ANALYSIS = YES;
				CLANG_WARN_STRICT_PROTOTYPES = YES;
				CLANG_WARN_SUSPICIOUS_MOVE = YES;
				CLANG_WARN_UNGUARDED_AVAILABILITY = YES_AGGRESSIVE;
				CLANG_WARN_UNREACHABLE_CODE = YES;
				CLANG_WARN__DUPLICATE_METHOD_MATCH = YES;
				CODE_SIGN_IDENTITY = "iPhone Developer";
				COPY_PHASE_STRIP = NO;
				DEBUG_INFORMATION_FORMAT = dwarf;
				ENABLE_STRICT_OBJC_MSGSEND = YES;
				ENABLE_TESTABILITY = YES;
				GCC_C_LANGUAGE_STANDARD = gnu11;
				GCC_DYNAMIC_NO_PIC = NO;
				GCC_NO_COMMON_BLOCKS = YES;
				GCC_OPTIMIZATION_LEVEL = 0;
				GCC_PREPROCESSOR_DEFINITIONS = (
					"DEBUG=1",
					"$(inherited)",
				);
				GCC_WARN_64_TO_32_BIT_CONVERSION = YES;
				GCC_WARN_ABOUT_RETURN_TYPE = YES_ERROR;
				GCC_WARN_UNDECLARED_SELECTOR = YES;
				GCC_WARN_UNINITIALIZED_AUTOS = YES_AGGRESSIVE;
				GCC_WARN_UNUSED_FUNCTION = YES;
				GCC_WARN_UNUSED_VARIABLE = YES;
				IPHONEOS_DEPLOYMENT_TARGET = 11.2;
				MTL_ENABLE_DEBUG_INFO = YES;
				ONLY_ACTIVE_ARCH = YES;
				SDKROOT = iphoneos;
				SWIFT_ACTIVE_COMPILATION_CONDITIONS = DEBUG;
				SWIFT_OPTIMIZATION_LEVEL = "-Onone";
			};
			name = Debug;
		};
		19506D372020711C009A43AB /* Release */ = {
			isa = XCBuildConfiguration;
			buildSettings = {
				ALWAYS_SEARCH_USER_PATHS = NO;
				CLANG_ANALYZER_NONNULL = YES;
				CLANG_ANALYZER_NUMBER_OBJECT_CONVERSION = YES_AGGRESSIVE;
				CLANG_CXX_LANGUAGE_STANDARD = "gnu++14";
				CLANG_CXX_LIBRARY = "libc++";
				CLANG_ENABLE_MODULES = YES;
				CLANG_ENABLE_OBJC_ARC = YES;
				CLANG_WARN_BLOCK_CAPTURE_AUTORELEASING = YES;
				CLANG_WARN_BOOL_CONVERSION = YES;
				CLANG_WARN_COMMA = YES;
				CLANG_WARN_CONSTANT_CONVERSION = YES;
				CLANG_WARN_DIRECT_OBJC_ISA_USAGE = YES_ERROR;
				CLANG_WARN_DOCUMENTATION_COMMENTS = YES;
				CLANG_WARN_EMPTY_BODY = YES;
				CLANG_WARN_ENUM_CONVERSION = YES;
				CLANG_WARN_INFINITE_RECURSION = YES;
				CLANG_WARN_INT_CONVERSION = YES;
				CLANG_WARN_NON_LITERAL_NULL_CONVERSION = YES;
				CLANG_WARN_OBJC_LITERAL_CONVERSION = YES;
				CLANG_WARN_OBJC_ROOT_CLASS = YES_ERROR;
				CLANG_WARN_RANGE_LOOP_ANALYSIS = YES;
				CLANG_WARN_STRICT_PROTOTYPES = YES;
				CLANG_WARN_SUSPICIOUS_MOVE = YES;
				CLANG_WARN_UNGUARDED_AVAILABILITY = YES_AGGRESSIVE;
				CLANG_WARN_UNREACHABLE_CODE = YES;
				CLANG_WARN__DUPLICATE_METHOD_MATCH = YES;
				CODE_SIGN_IDENTITY = "iPhone Developer";
				COPY_PHASE_STRIP = NO;
				DEBUG_INFORMATION_FORMAT = "dwarf-with-dsym";
				ENABLE_NS_ASSERTIONS = NO;
				ENABLE_STRICT_OBJC_MSGSEND = YES;
				GCC_C_LANGUAGE_STANDARD = gnu11;
				GCC_NO_COMMON_BLOCKS = YES;
				GCC_WARN_64_TO_32_BIT_CONVERSION = YES;
				GCC_WARN_ABOUT_RETURN_TYPE = YES_ERROR;
				GCC_WARN_UNDECLARED_SELECTOR = YES;
				GCC_WARN_UNINITIALIZED_AUTOS = YES_AGGRESSIVE;
				GCC_WARN_UNUSED_FUNCTION = YES;
				GCC_WARN_UNUSED_VARIABLE = YES;
				IPHONEOS_DEPLOYMENT_TARGET = 11.2;
				MTL_ENABLE_DEBUG_INFO = NO;
				SDKROOT = iphoneos;
				SWIFT_OPTIMIZATION_LEVEL = "-Owholemodule";
				VALIDATE_PRODUCT = YES;
			};
			name = Release;
		};
		19506D392020711C009A43AB /* Debug */ = {
			isa = XCBuildConfiguration;
			buildSettings = {
				ASSETCATALOG_COMPILER_APPICON_NAME = AppIcon;
				CODE_SIGN_STYLE = Automatic;
				DEVELOPMENT_TEAM = QJQ277SAGA;
				INFOPLIST_FILE = ToDo/Info.plist;
				LD_RUNPATH_SEARCH_PATHS = "$(inherited) @executable_path/Frameworks";
				PRODUCT_BUNDLE_IDENTIFIER = com.niklasrammerstorfer.ToDo;
				PRODUCT_NAME = "$(TARGET_NAME)";
				SWIFT_VERSION = 4.0;
				TARGETED_DEVICE_FAMILY = "1,2";
			};
			name = Debug;
		};
		19506D3A2020711C009A43AB /* Release */ = {
			isa = XCBuildConfiguration;
			buildSettings = {
				ASSETCATALOG_COMPILER_APPICON_NAME = AppIcon;
				CODE_SIGN_STYLE = Automatic;
				DEVELOPMENT_TEAM = QJQ277SAGA;
				INFOPLIST_FILE = ToDo/Info.plist;
				LD_RUNPATH_SEARCH_PATHS = "$(inherited) @executable_path/Frameworks";
				PRODUCT_BUNDLE_IDENTIFIER = com.niklasrammerstorfer.ToDo;
				PRODUCT_NAME = "$(TARGET_NAME)";
				SWIFT_VERSION = 4.0;
				TARGETED_DEVICE_FAMILY = "1,2";
			};
			name = Release;
		};
		19506D3C2020711C009A43AB /* Debug */ = {
			isa = XCBuildConfiguration;
			buildSettings = {
				ALWAYS_EMBED_SWIFT_STANDARD_LIBRARIES = YES;
				BUNDLE_LOADER = "$(TEST_HOST)";
				CLANG_ENABLE_MODULES = YES;
				CODE_SIGN_STYLE = Automatic;
				DEVELOPMENT_TEAM = QJQ277SAGA;
				INFOPLIST_FILE = ToDoTests/Info.plist;
				LD_RUNPATH_SEARCH_PATHS = "$(inherited) @executable_path/Frameworks @loader_path/Frameworks";
				PRODUCT_BUNDLE_IDENTIFIER = com.niklasrammerstorfer.ToDoTests;
				PRODUCT_NAME = "$(TARGET_NAME)";
				SWIFT_OPTIMIZATION_LEVEL = "-Onone";
				SWIFT_VERSION = 4.0;
				TARGETED_DEVICE_FAMILY = "1,2";
				TEST_HOST = "$(BUILT_PRODUCTS_DIR)/ToDo.app/ToDo";
			};
			name = Debug;
		};
		19506D3D2020711C009A43AB /* Release */ = {
			isa = XCBuildConfiguration;
			buildSettings = {
				ALWAYS_EMBED_SWIFT_STANDARD_LIBRARIES = YES;
				BUNDLE_LOADER = "$(TEST_HOST)";
				CLANG_ENABLE_MODULES = YES;
				CODE_SIGN_STYLE = Automatic;
				DEVELOPMENT_TEAM = QJQ277SAGA;
				INFOPLIST_FILE = ToDoTests/Info.plist;
				LD_RUNPATH_SEARCH_PATHS = "$(inherited) @executable_path/Frameworks @loader_path/Frameworks";
				PRODUCT_BUNDLE_IDENTIFIER = com.niklasrammerstorfer.ToDoTests;
				PRODUCT_NAME = "$(TARGET_NAME)";
				SWIFT_VERSION = 4.0;
				TARGETED_DEVICE_FAMILY = "1,2";
				TEST_HOST = "$(BUILT_PRODUCTS_DIR)/ToDo.app/ToDo";
			};
			name = Release;
		};
/* End XCBuildConfiguration section */

/* Begin XCConfigurationList section */
		19506D162020711B009A43AB /* Build configuration list for PBXProject "ToDo" */ = {
			isa = XCConfigurationList;
			buildConfigurations = (
				19506D362020711C009A43AB /* Debug */,
				19506D372020711C009A43AB /* Release */,
			);
			defaultConfigurationIsVisible = 0;
			defaultConfigurationName = Release;
		};
		19506D382020711C009A43AB /* Build configuration list for PBXNativeTarget "ToDo" */ = {
			isa = XCConfigurationList;
			buildConfigurations = (
				19506D392020711C009A43AB /* Debug */,
				19506D3A2020711C009A43AB /* Release */,
			);
			defaultConfigurationIsVisible = 0;
			defaultConfigurationName = Release;
		};
		19506D3B2020711C009A43AB /* Build configuration list for PBXNativeTarget "ToDoTests" */ = {
			isa = XCConfigurationList;
			buildConfigurations = (
				19506D3C2020711C009A43AB /* Debug */,
				19506D3D2020711C009A43AB /* Release */,
			);
			defaultConfigurationIsVisible = 0;
			defaultConfigurationName = Release;
		};
/* End XCConfigurationList section */
	};
	rootObject = 19506D132020711B009A43AB /* Project object */;
}
